// !$*UTF8*$!
{
	archiveVersion = 1;
	classes = {
	};
	objectVersion = 48;
	objects = {

/* Begin PBXBuildFile section */
		E9038AEC1FA1C69A00CBC503 /* AddressBookSwiftVersion2_0Tests.swift in Sources */ = {isa = PBXBuildFile; fileRef = E9038AEB1FA1C69A00CBC503 /* AddressBookSwiftVersion2_0Tests.swift */; };
		E9038AF71FA1C69A00CBC503 /* AddressBookSwiftVersion2_0UITests.swift in Sources */ = {isa = PBXBuildFile; fileRef = E9038AF61FA1C69A00CBC503 /* AddressBookSwiftVersion2_0UITests.swift */; };
		E9038B141FA1C72F00CBC503 /* AddViewController.swift in Sources */ = {isa = PBXBuildFile; fileRef = E9038B051FA1C72E00CBC503 /* AddViewController.swift */; };
		E9038B151FA1C72F00CBC503 /* DetailViewController.swift in Sources */ = {isa = PBXBuildFile; fileRef = E9038B061FA1C72E00CBC503 /* DetailViewController.swift */; };
		E9038B161FA1C72F00CBC503 /* LaunchScreen.storyboard in Resources */ = {isa = PBXBuildFile; fileRef = E9038B071FA1C72E00CBC503 /* LaunchScreen.storyboard */; };
		E9038B171FA1C72F00CBC503 /* Main.storyboard in Resources */ = {isa = PBXBuildFile; fileRef = E9038B081FA1C72E00CBC503 /* Main.storyboard */; };
		E9038B181FA1C72F00CBC503 /* AppDelegate.swift in Sources */ = {isa = PBXBuildFile; fileRef = E9038B091FA1C72E00CBC503 /* AppDelegate.swift */; };
		E9038B191FA1C72F00CBC503 /* ContactTableViewCell.swift in Sources */ = {isa = PBXBuildFile; fileRef = E9038B0A1FA1C72E00CBC503 /* ContactTableViewCell.swift */; };
		E9038B1A1FA1C72F00CBC503 /* Info.plist in Resources */ = {isa = PBXBuildFile; fileRef = E9038B0B1FA1C72E00CBC503 /* Info.plist */; };
		E9038B1B1FA1C72F00CBC503 /* names.plist in Resources */ = {isa = PBXBuildFile; fileRef = E9038B0C1FA1C72E00CBC503 /* names.plist */; };
		E9038B1C1FA1C72F00CBC503 /* ContactsTableViewController.swift in Sources */ = {isa = PBXBuildFile; fileRef = E9038B0D1FA1C72E00CBC503 /* ContactsTableViewController.swift */; };
		E9038B1D1FA1C72F00CBC503 /* DetailViewController.xib in Resources */ = {isa = PBXBuildFile; fileRef = E9038B0E1FA1C72E00CBC503 /* DetailViewController.xib */; };
		E9038B1E1FA1C72F00CBC503 /* Assets.xcassets in Resources */ = {isa = PBXBuildFile; fileRef = E9038B0F1FA1C72F00CBC503 /* Assets.xcassets */; };
		E9038B1F1FA1C72F00CBC503 /* AddViewController.xib in Resources */ = {isa = PBXBuildFile; fileRef = E9038B101FA1C72F00CBC503 /* AddViewController.xib */; };
		E9038B211FA1C72F00CBC503 /* AddressBookSwift4.xcdatamodeld in Sources */ = {isa = PBXBuildFile; fileRef = E9038B121FA1C72F00CBC503 /* AddressBookSwift4.xcdatamodeld */; };
		E9E889741FA20AB300199B87 /* Person.swift in Sources */ = {isa = PBXBuildFile; fileRef = E9E889731FA20AB300199B87 /* Person.swift */; };
/* End PBXBuildFile section */

/* Begin PBXContainerItemProxy section */
		E9038AE81FA1C69A00CBC503 /* PBXContainerItemProxy */ = {
			isa = PBXContainerItemProxy;
			containerPortal = E9038AC81FA1C69A00CBC503 /* Project object */;
			proxyType = 1;
			remoteGlobalIDString = E9038ACF1FA1C69A00CBC503;
			remoteInfo = AddressBookSwiftVersion2.0;
		};
		E9038AF31FA1C69A00CBC503 /* PBXContainerItemProxy */ = {
			isa = PBXContainerItemProxy;
			containerPortal = E9038AC81FA1C69A00CBC503 /* Project object */;
			proxyType = 1;
			remoteGlobalIDString = E9038ACF1FA1C69A00CBC503;
			remoteInfo = AddressBookSwiftVersion2.0;
		};
/* End PBXContainerItemProxy section */

/* Begin PBXFileReference section */
		E9038AD01FA1C69A00CBC503 /* AddressBookSwiftVersion2.0.app */ = {isa = PBXFileReference; explicitFileType = wrapper.application; includeInIndex = 0; path = AddressBookSwiftVersion2.0.app; sourceTree = BUILT_PRODUCTS_DIR; };
		E9038AE71FA1C69A00CBC503 /* AddressBookSwiftVersion2.0Tests.xctest */ = {isa = PBXFileReference; explicitFileType = wrapper.cfbundle; includeInIndex = 0; path = AddressBookSwiftVersion2.0Tests.xctest; sourceTree = BUILT_PRODUCTS_DIR; };
		E9038AEB1FA1C69A00CBC503 /* AddressBookSwiftVersion2_0Tests.swift */ = {isa = PBXFileReference; lastKnownFileType = sourcecode.swift; path = AddressBookSwiftVersion2_0Tests.swift; sourceTree = "<group>"; };
		E9038AED1FA1C69A00CBC503 /* Info.plist */ = {isa = PBXFileReference; lastKnownFileType = text.plist.xml; path = Info.plist; sourceTree = "<group>"; };
		E9038AF21FA1C69A00CBC503 /* AddressBookSwiftVersion2.0UITests.xctest */ = {isa = PBXFileReference; explicitFileType = wrapper.cfbundle; includeInIndex = 0; path = AddressBookSwiftVersion2.0UITests.xctest; sourceTree = BUILT_PRODUCTS_DIR; };
		E9038AF61FA1C69A00CBC503 /* AddressBookSwiftVersion2_0UITests.swift */ = {isa = PBXFileReference; lastKnownFileType = sourcecode.swift; path = AddressBookSwiftVersion2_0UITests.swift; sourceTree = "<group>"; };
		E9038AF81FA1C69A00CBC503 /* Info.plist */ = {isa = PBXFileReference; lastKnownFileType = text.plist.xml; path = Info.plist; sourceTree = "<group>"; };
		E9038B041FA1C72D00CBC503 /* AddressBookSwiftVersion2.0-Bridging-Header.h */ = {isa = PBXFileReference; lastKnownFileType = sourcecode.c.h; path = "AddressBookSwiftVersion2.0-Bridging-Header.h"; sourceTree = "<group>"; };
		E9038B051FA1C72E00CBC503 /* AddViewController.swift */ = {isa = PBXFileReference; fileEncoding = 4; lastKnownFileType = sourcecode.swift; path = AddViewController.swift; sourceTree = "<group>"; };
		E9038B061FA1C72E00CBC503 /* DetailViewController.swift */ = {isa = PBXFileReference; fileEncoding = 4; lastKnownFileType = sourcecode.swift; path = DetailViewController.swift; sourceTree = "<group>"; };
		E9038B071FA1C72E00CBC503 /* LaunchScreen.storyboard */ = {isa = PBXFileReference; fileEncoding = 4; lastKnownFileType = file.storyboard; path = LaunchScreen.storyboard; sourceTree = "<group>"; };
		E9038B081FA1C72E00CBC503 /* Main.storyboard */ = {isa = PBXFileReference; fileEncoding = 4; lastKnownFileType = file.storyboard; path = Main.storyboard; sourceTree = "<group>"; };
		E9038B091FA1C72E00CBC503 /* AppDelegate.swift */ = {isa = PBXFileReference; fileEncoding = 4; lastKnownFileType = sourcecode.swift; path = AppDelegate.swift; sourceTree = "<group>"; };
		E9038B0A1FA1C72E00CBC503 /* ContactTableViewCell.swift */ = {isa = PBXFileReference; fileEncoding = 4; lastKnownFileType = sourcecode.swift; path = ContactTableViewCell.swift; sourceTree = "<group>"; };
		E9038B0B1FA1C72E00CBC503 /* Info.plist */ = {isa = PBXFileReference; fileEncoding = 4; lastKnownFileType = text.plist.xml; path = Info.plist; sourceTree = "<group>"; };
		E9038B0C1FA1C72E00CBC503 /* names.plist */ = {isa = PBXFileReference; fileEncoding = 4; lastKnownFileType = text.plist.xml; path = names.plist; sourceTree = "<group>"; };
		E9038B0D1FA1C72E00CBC503 /* ContactsTableViewController.swift */ = {isa = PBXFileReference; fileEncoding = 4; lastKnownFileType = sourcecode.swift; path = ContactsTableViewController.swift; sourceTree = "<group>"; };
		E9038B0E1FA1C72E00CBC503 /* DetailViewController.xib */ = {isa = PBXFileReference; fileEncoding = 4; lastKnownFileType = file.xib; path = DetailViewController.xib; sourceTree = "<group>"; };
		E9038B0F1FA1C72F00CBC503 /* Assets.xcassets */ = {isa = PBXFileReference; lastKnownFileType = folder.assetcatalog; path = Assets.xcassets; sourceTree = "<group>"; };
		E9038B101FA1C72F00CBC503 /* AddViewController.xib */ = {isa = PBXFileReference; fileEncoding = 4; lastKnownFileType = file.xib; path = AddViewController.xib; sourceTree = "<group>"; };
		E9038B131FA1C72F00CBC503 /* AddressBookSwift4.xcdatamodel */ = {isa = PBXFileReference; lastKnownFileType = wrapper.xcdatamodel; path = AddressBookSwift4.xcdatamodel; sourceTree = "<group>"; };
		E9E889731FA20AB300199B87 /* Person.swift */ = {isa = PBXFileReference; lastKnownFileType = sourcecode.swift; path = Person.swift; sourceTree = "<group>"; };
/* End PBXFileReference section */

/* Begin PBXFrameworksBuildPhase section */
		E9038ACD1FA1C69A00CBC503 /* Frameworks */ = {
			isa = PBXFrameworksBuildPhase;
			buildActionMask = 2147483647;
			files = (
			);
			runOnlyForDeploymentPostprocessing = 0;
		};
		E9038AE41FA1C69A00CBC503 /* Frameworks */ = {
			isa = PBXFrameworksBuildPhase;
			buildActionMask = 2147483647;
			files = (
			);
			runOnlyForDeploymentPostprocessing = 0;
		};
		E9038AEF1FA1C69A00CBC503 /* Frameworks */ = {
			isa = PBXFrameworksBuildPhase;
			buildActionMask = 2147483647;
			files = (
			);
			runOnlyForDeploymentPostprocessing = 0;
		};
/* End PBXFrameworksBuildPhase section */

/* Begin PBXGroup section */
		E9038AC71FA1C69A00CBC503 = {
			isa = PBXGroup;
			children = (
				E9038AD21FA1C69A00CBC503 /* AddressBookSwiftVersion2.0 */,
				E9038AEA1FA1C69A00CBC503 /* AddressBookSwiftVersion2.0Tests */,
				E9038AF51FA1C69A00CBC503 /* AddressBookSwiftVersion2.0UITests */,
				E9038AD11FA1C69A00CBC503 /* Products */,
			);
			sourceTree = "<group>";
		};
		E9038AD11FA1C69A00CBC503 /* Products */ = {
			isa = PBXGroup;
			children = (
				E9038AD01FA1C69A00CBC503 /* AddressBookSwiftVersion2.0.app */,
				E9038AE71FA1C69A00CBC503 /* AddressBookSwiftVersion2.0Tests.xctest */,
				E9038AF21FA1C69A00CBC503 /* AddressBookSwiftVersion2.0UITests.xctest */,
			);
			name = Products;
			sourceTree = "<group>";
		};
		E9038AD21FA1C69A00CBC503 /* AddressBookSwiftVersion2.0 */ = {
			isa = PBXGroup;
			children = (
				E9038B121FA1C72F00CBC503 /* AddressBookSwift4.xcdatamodeld */,
				E9038B051FA1C72E00CBC503 /* AddViewController.swift */,
				E9038B101FA1C72F00CBC503 /* AddViewController.xib */,
				E9038B091FA1C72E00CBC503 /* AppDelegate.swift */,
				E9038B0F1FA1C72F00CBC503 /* Assets.xcassets */,
				E9038B0D1FA1C72E00CBC503 /* ContactsTableViewController.swift */,
				E9038B0A1FA1C72E00CBC503 /* ContactTableViewCell.swift */,
				E9038B061FA1C72E00CBC503 /* DetailViewController.swift */,
				E9038B0E1FA1C72E00CBC503 /* DetailViewController.xib */,
				E9038B0B1FA1C72E00CBC503 /* Info.plist */,
				E9038B071FA1C72E00CBC503 /* LaunchScreen.storyboard */,
				E9038B081FA1C72E00CBC503 /* Main.storyboard */,
				E9038B0C1FA1C72E00CBC503 /* names.plist */,
				E9038B041FA1C72D00CBC503 /* AddressBookSwiftVersion2.0-Bridging-Header.h */,
				E9E889731FA20AB300199B87 /* Person.swift */,
			);
			path = AddressBookSwiftVersion2.0;
			sourceTree = "<group>";
		};
		E9038AEA1FA1C69A00CBC503 /* AddressBookSwiftVersion2.0Tests */ = {
			isa = PBXGroup;
			children = (
				E9038AEB1FA1C69A00CBC503 /* AddressBookSwiftVersion2_0Tests.swift */,
				E9038AED1FA1C69A00CBC503 /* Info.plist */,
			);
			path = AddressBookSwiftVersion2.0Tests;
			sourceTree = "<group>";
		};
		E9038AF51FA1C69A00CBC503 /* AddressBookSwiftVersion2.0UITests */ = {
			isa = PBXGroup;
			children = (
				E9038AF61FA1C69A00CBC503 /* AddressBookSwiftVersion2_0UITests.swift */,
				E9038AF81FA1C69A00CBC503 /* Info.plist */,
			);
			path = AddressBookSwiftVersion2.0UITests;
			sourceTree = "<group>";
		};
/* End PBXGroup section */

/* Begin PBXNativeTarget section */
		E9038ACF1FA1C69A00CBC503 /* AddressBookSwiftVersion2.0 */ = {
			isa = PBXNativeTarget;
			buildConfigurationList = E9038AFB1FA1C69A00CBC503 /* Build configuration list for PBXNativeTarget "AddressBookSwiftVersion2.0" */;
			buildPhases = (
				E9038ACC1FA1C69A00CBC503 /* Sources */,
				E9038ACD1FA1C69A00CBC503 /* Frameworks */,
				E9038ACE1FA1C69A00CBC503 /* Resources */,
			);
			buildRules = (
			);
			dependencies = (
			);
			name = AddressBookSwiftVersion2.0;
			productName = AddressBookSwiftVersion2.0;
			productReference = E9038AD01FA1C69A00CBC503 /* AddressBookSwiftVersion2.0.app */;
			productType = "com.apple.product-type.application";
		};
		E9038AE61FA1C69A00CBC503 /* AddressBookSwiftVersion2.0Tests */ = {
			isa = PBXNativeTarget;
			buildConfigurationList = E9038AFE1FA1C69A00CBC503 /* Build configuration list for PBXNativeTarget "AddressBookSwiftVersion2.0Tests" */;
			buildPhases = (
				E9038AE31FA1C69A00CBC503 /* Sources */,
				E9038AE41FA1C69A00CBC503 /* Frameworks */,
				E9038AE51FA1C69A00CBC503 /* Resources */,
			);
			buildRules = (
			);
			dependencies = (
				E9038AE91FA1C69A00CBC503 /* PBXTargetDependency */,
			);
			name = AddressBookSwiftVersion2.0Tests;
			productName = AddressBookSwiftVersion2.0Tests;
			productReference = E9038AE71FA1C69A00CBC503 /* AddressBookSwiftVersion2.0Tests.xctest */;
			productType = "com.apple.product-type.bundle.unit-test";
		};
		E9038AF11FA1C69A00CBC503 /* AddressBookSwiftVersion2.0UITests */ = {
			isa = PBXNativeTarget;
			buildConfigurationList = E9038B011FA1C69A00CBC503 /* Build configuration list for PBXNativeTarget "AddressBookSwiftVersion2.0UITests" */;
			buildPhases = (
				E9038AEE1FA1C69A00CBC503 /* Sources */,
				E9038AEF1FA1C69A00CBC503 /* Frameworks */,
				E9038AF01FA1C69A00CBC503 /* Resources */,
			);
			buildRules = (
			);
			dependencies = (
				E9038AF41FA1C69A00CBC503 /* PBXTargetDependency */,
			);
			name = AddressBookSwiftVersion2.0UITests;
			productName = AddressBookSwiftVersion2.0UITests;
			productReference = E9038AF21FA1C69A00CBC503 /* AddressBookSwiftVersion2.0UITests.xctest */;
			productType = "com.apple.product-type.bundle.ui-testing";
		};
/* End PBXNativeTarget section */

/* Begin PBXProject section */
		E9038AC81FA1C69A00CBC503 /* Project object */ = {
			isa = PBXProject;
			attributes = {
				LastSwiftUpdateCheck = 0900;
				LastUpgradeCheck = 0900;
				ORGANIZATIONNAME = Thomas;
				TargetAttributes = {
					E9038ACF1FA1C69A00CBC503 = {
						CreatedOnToolsVersion = 9.0.1;
						LastSwiftMigration = 0900;
						ProvisioningStyle = Automatic;
					};
					E9038AE61FA1C69A00CBC503 = {
						CreatedOnToolsVersion = 9.0.1;
						ProvisioningStyle = Automatic;
						TestTargetID = E9038ACF1FA1C69A00CBC503;
					};
					E9038AF11FA1C69A00CBC503 = {
						CreatedOnToolsVersion = 9.0.1;
						ProvisioningStyle = Automatic;
						TestTargetID = E9038ACF1FA1C69A00CBC503;
					};
				};
			};
			buildConfigurationList = E9038ACB1FA1C69A00CBC503 /* Build configuration list for PBXProject "AddressBookSwiftVersion2.0" */;
			compatibilityVersion = "Xcode 8.0";
			developmentRegion = en;
			hasScannedForEncodings = 0;
			knownRegions = (
				en,
				Base,
			);
			mainGroup = E9038AC71FA1C69A00CBC503;
			productRefGroup = E9038AD11FA1C69A00CBC503 /* Products */;
			projectDirPath = "";
			projectRoot = "";
			targets = (
				E9038ACF1FA1C69A00CBC503 /* AddressBookSwiftVersion2.0 */,
				E9038AE61FA1C69A00CBC503 /* AddressBookSwiftVersion2.0Tests */,
				E9038AF11FA1C69A00CBC503 /* AddressBookSwiftVersion2.0UITests */,
			);
		};
/* End PBXProject section */

/* Begin PBXResourcesBuildPhase section */
		E9038ACE1FA1C69A00CBC503 /* Resources */ = {
			isa = PBXResourcesBuildPhase;
			buildActionMask = 2147483647;
			files = (
				E9038B161FA1C72F00CBC503 /* LaunchScreen.storyboard in Resources */,
				E9038B1B1FA1C72F00CBC503 /* names.plist in Resources */,
				E9038B1D1FA1C72F00CBC503 /* DetailViewController.xib in Resources */,
				E9038B171FA1C72F00CBC503 /* Main.storyboard in Resources */,
				E9038B1E1FA1C72F00CBC503 /* Assets.xcassets in Resources */,
				E9038B1F1FA1C72F00CBC503 /* AddViewController.xib in Resources */,
				E9038B1A1FA1C72F00CBC503 /* Info.plist in Resources */,
			);
			runOnlyForDeploymentPostprocessing = 0;
		};
		E9038AE51FA1C69A00CBC503 /* Resources */ = {
			isa = PBXResourcesBuildPhase;
			buildActionMask = 2147483647;
			files = (
			);
			runOnlyForDeploymentPostprocessing = 0;
		};
		E9038AF01FA1C69A00CBC503 /* Resources */ = {
			isa = PBXResourcesBuildPhase;
			buildActionMask = 2147483647;
			files = (
			);
			runOnlyForDeploymentPostprocessing = 0;
		};
/* End PBXResourcesBuildPhase section */

/* Begin PBXSourcesBuildPhase section */
		E9038ACC1FA1C69A00CBC503 /* Sources */ = {
			isa = PBXSourcesBuildPhase;
			buildActionMask = 2147483647;
			files = (
				E9038B211FA1C72F00CBC503 /* AddressBookSwift4.xcdatamodeld in Sources */,
				E9038B191FA1C72F00CBC503 /* ContactTableViewCell.swift in Sources */,
				E9038B181FA1C72F00CBC503 /* AppDelegate.swift in Sources */,
				E9038B1C1FA1C72F00CBC503 /* ContactsTableViewController.swift in Sources */,
				E9E889741FA20AB300199B87 /* Person.swift in Sources */,
				E9038B141FA1C72F00CBC503 /* AddViewController.swift in Sources */,
				E9038B151FA1C72F00CBC503 /* DetailViewController.swift in Sources */,
			);
			runOnlyForDeploymentPostprocessing = 0;
		};
		E9038AE31FA1C69A00CBC503 /* Sources */ = {
			isa = PBXSourcesBuildPhase;
			buildActionMask = 2147483647;
			files = (
				E9038AEC1FA1C69A00CBC503 /* AddressBookSwiftVersion2_0Tests.swift in Sources */,
			);
			runOnlyForDeploymentPostprocessing = 0;
		};
		E9038AEE1FA1C69A00CBC503 /* Sources */ = {
			isa = PBXSourcesBuildPhase;
			buildActionMask = 2147483647;
			files = (
				E9038AF71FA1C69A00CBC503 /* AddressBookSwiftVersion2_0UITests.swift in Sources */,
			);
			runOnlyForDeploymentPostprocessing = 0;
		};
/* End PBXSourcesBuildPhase section */

/* Begin PBXTargetDependency section */
		E9038AE91FA1C69A00CBC503 /* PBXTargetDependency */ = {
			isa = PBXTargetDependency;
			target = E9038ACF1FA1C69A00CBC503 /* AddressBookSwiftVersion2.0 */;
			targetProxy = E9038AE81FA1C69A00CBC503 /* PBXContainerItemProxy */;
		};
		E9038AF41FA1C69A00CBC503 /* PBXTargetDependency */ = {
			isa = PBXTargetDependency;
			target = E9038ACF1FA1C69A00CBC503 /* AddressBookSwiftVersion2.0 */;
			targetProxy = E9038AF31FA1C69A00CBC503 /* PBXContainerItemProxy */;
		};
/* End PBXTargetDependency section */

/* Begin XCBuildConfiguration section */
		E9038AF91FA1C69A00CBC503 /* Debug */ = {
			isa = XCBuildConfiguration;
			buildSettings = {
				ALWAYS_SEARCH_USER_PATHS = NO;
				CLANG_ANALYZER_NONNULL = YES;
				CLANG_ANALYZER_NUMBER_OBJECT_CONVERSION = YES_AGGRESSIVE;
				CLANG_CXX_LANGUAGE_STANDARD = "gnu++14";
				CLANG_CXX_LIBRARY = "libc++";
				CLANG_ENABLE_MODULES = YES;
				CLANG_ENABLE_OBJC_ARC = YES;
				CLANG_WARN_BLOCK_CAPTURE_AUTORELEASING = YES;
				CLANG_WARN_BOOL_CONVERSION = YES;
				CLANG_WARN_COMMA = YES;
				CLANG_WARN_CONSTANT_CONVERSION = YES;
				CLANG_WARN_DIRECT_OBJC_ISA_USAGE = YES_ERROR;
				CLANG_WARN_DOCUMENTATION_COMMENTS = YES;
				CLANG_WARN_EMPTY_BODY = YES;
				CLANG_WARN_ENUM_CONVERSION = YES;
				CLANG_WARN_INFINITE_RECURSION = YES;
				CLANG_WARN_INT_CONVERSION = YES;
				CLANG_WARN_NON_LITERAL_NULL_CONVERSION = YES;
				CLANG_WARN_OBJC_LITERAL_CONVERSION = YES;
				CLANG_WARN_OBJC_ROOT_CLASS = YES_ERROR;
				CLANG_WARN_RANGE_LOOP_ANALYSIS = YES;
				CLANG_WARN_STRICT_PROTOTYPES = YES;
				CLANG_WARN_SUSPICIOUS_MOVE = YES;
				CLANG_WARN_UNGUARDED_AVAILABILITY = YES_AGGRESSIVE;
				CLANG_WARN_UNREACHABLE_CODE = YES;
				CLANG_WARN__DUPLICATE_METHOD_MATCH = YES;
				CODE_SIGN_IDENTITY = "iPhone Developer";
				COPY_PHASE_STRIP = NO;
				DEBUG_INFORMATION_FORMAT = dwarf;
				ENABLE_STRICT_OBJC_MSGSEND = YES;
				ENABLE_TESTABILITY = YES;
				GCC_C_LANGUAGE_STANDARD = gnu11;
				GCC_DYNAMIC_NO_PIC = NO;
				GCC_NO_COMMON_BLOCKS = YES;
				GCC_OPTIMIZATION_LEVEL = 0;
				GCC_PREPROCESSOR_DEFINITIONS = (
					"DEBUG=1",
					"$(inherited)",
				);
				GCC_WARN_64_TO_32_BIT_CONVERSION = YES;
				GCC_WARN_ABOUT_RETURN_TYPE = YES_ERROR;
				GCC_WARN_UNDECLARED_SELECTOR = YES;
				GCC_WARN_UNINITIALIZED_AUTOS = YES_AGGRESSIVE;
				GCC_WARN_UNUSED_FUNCTION = YES;
				GCC_WARN_UNUSED_VARIABLE = YES;
				IPHONEOS_DEPLOYMENT_TARGET = 11.0;
				MTL_ENABLE_DEBUG_INFO = YES;
				ONLY_ACTIVE_ARCH = YES;
				SDKROOT = iphoneos;
				SWIFT_ACTIVE_COMPILATION_CONDITIONS = DEBUG;
				SWIFT_OPTIMIZATION_LEVEL = "-Onone";
			};
			name = Debug;
		};
		E9038AFA1FA1C69A00CBC503 /* Release */ = {
			isa = XCBuildConfiguration;
			buildSettings = {
				ALWAYS_SEARCH_USER_PATHS = NO;
				CLANG_ANALYZER_NONNULL = YES;
				CLANG_ANALYZER_NUMBER_OBJECT_CONVERSION = YES_AGGRESSIVE;
				CLANG_CXX_LANGUAGE_STANDARD = "gnu++14";
				CLANG_CXX_LIBRARY = "libc++";
				CLANG_ENABLE_MODULES = YES;
				CLANG_ENABLE_OBJC_ARC = YES;
				CLANG_WARN_BLOCK_CAPTURE_AUTORELEASING = YES;
				CLANG_WARN_BOOL_CONVERSION = YES;
				CLANG_WARN_COMMA = YES;
				CLANG_WARN_CONSTANT_CONVERSION = YES;
				CLANG_WARN_DIRECT_OBJC_ISA_USAGE = YES_ERROR;
				CLANG_WARN_DOCUMENTATION_COMMENTS = YES;
				CLANG_WARN_EMPTY_BODY = YES;
				CLANG_WARN_ENUM_CONVERSION = YES;
				CLANG_WARN_INFINITE_RECURSION = YES;
				CLANG_WARN_INT_CONVERSION = YES;
				CLANG_WARN_NON_LITERAL_NULL_CONVERSION = YES;
				CLANG_WARN_OBJC_LITERAL_CONVERSION = YES;
				CLANG_WARN_OBJC_ROOT_CLASS = YES_ERROR;
				CLANG_WARN_RANGE_LOOP_ANALYSIS = YES;
				CLANG_WARN_STRICT_PROTOTYPES = YES;
				CLANG_WARN_SUSPICIOUS_MOVE = YES;
				CLANG_WARN_UNGUARDED_AVAILABILITY = YES_AGGRESSIVE;
				CLANG_WARN_UNREACHABLE_CODE = YES;
				CLANG_WARN__DUPLICATE_METHOD_MATCH = YES;
				CODE_SIGN_IDENTITY = "iPhone Developer";
				COPY_PHASE_STRIP = NO;
				DEBUG_INFORMATION_FORMAT = "dwarf-with-dsym";
				ENABLE_NS_ASSERTIONS = NO;
				ENABLE_STRICT_OBJC_MSGSEND = YES;
				GCC_C_LANGUAGE_STANDARD = gnu11;
				GCC_NO_COMMON_BLOCKS = YES;
				GCC_WARN_64_TO_32_BIT_CONVERSION = YES;
				GCC_WARN_ABOUT_RETURN_TYPE = YES_ERROR;
				GCC_WARN_UNDECLARED_SELECTOR = YES;
				GCC_WARN_UNINITIALIZED_AUTOS = YES_AGGRESSIVE;
				GCC_WARN_UNUSED_FUNCTION = YES;
				GCC_WARN_UNUSED_VARIABLE = YES;
				IPHONEOS_DEPLOYMENT_TARGET = 11.0;
				MTL_ENABLE_DEBUG_INFO = NO;
				SDKROOT = iphoneos;
				SWIFT_OPTIMIZATION_LEVEL = "-Owholemodule";
				VALIDATE_PRODUCT = YES;
			};
			name = Release;
		};
		E9038AFC1FA1C69A00CBC503 /* Debug */ = {
			isa = XCBuildConfiguration;
			buildSettings = {
				ASSETCATALOG_COMPILER_APPICON_NAME = AppIcon;
				CLANG_ENABLE_MODULES = YES;
				CODE_SIGN_STYLE = Automatic;
				INFOPLIST_FILE = AddressBookSwiftVersion2.0/Info.plist;
				LD_RUNPATH_SEARCH_PATHS = "$(inherited) @executable_path/Frameworks";
				PRODUCT_BUNDLE_IDENTIFIER = "fr.DTAFormation.AddressBookSwiftVersion2-0";
				PRODUCT_NAME = "$(TARGET_NAME)";
				SWIFT_OBJC_BRIDGING_HEADER = "AddressBookSwiftVersion2.0/AddressBookSwiftVersion2.0-Bridging-Header.h";
				SWIFT_OPTIMIZATION_LEVEL = "-Onone";
				SWIFT_VERSION = 4.0;
				TARGETED_DEVICE_FAMILY = "1,2";
			};
			name = Debug;
		};
		E9038AFD1FA1C69A00CBC503 /* Release */ = {
			isa = XCBuildConfiguration;
			buildSettings = {
				ASSETCATALOG_COMPILER_APPICON_NAME = AppIcon;
				CLANG_ENABLE_MODULES = YES;
				CODE_SIGN_STYLE = Automatic;
				INFOPLIST_FILE = AddressBookSwiftVersion2.0/Info.plist;
				LD_RUNPATH_SEARCH_PATHS = "$(inherited) @executable_path/Frameworks";
				PRODUCT_BUNDLE_IDENTIFIER = "fr.DTAFormation.AddressBookSwiftVersion2-0";
				PRODUCT_NAME = "$(TARGET_NAME)";
				SWIFT_OBJC_BRIDGING_HEADER = "AddressBookSwiftVersion2.0/AddressBookSwiftVersion2.0-Bridging-Header.h";
				SWIFT_VERSION = 4.0;
				TARGETED_DEVICE_FAMILY = "1,2";
			};
			name = Release;
		};
		E9038AFF1FA1C69A00CBC503 /* Debug */ = {
			isa = XCBuildConfiguration;
			buildSettings = {
				ALWAYS_EMBED_SWIFT_STANDARD_LIBRARIES = YES;
				BUNDLE_LOADER = "$(TEST_HOST)";
				CODE_SIGN_STYLE = Automatic;
				INFOPLIST_FILE = AddressBookSwiftVersion2.0Tests/Info.plist;
				LD_RUNPATH_SEARCH_PATHS = "$(inherited) @executable_path/Frameworks @loader_path/Frameworks";
				PRODUCT_BUNDLE_IDENTIFIER = "fr.DTAFormation.AddressBookSwiftVersion2-0Tests";
				PRODUCT_NAME = "$(TARGET_NAME)";
				SWIFT_VERSION = 4.0;
				TARGETED_DEVICE_FAMILY = "1,2";
				TEST_HOST = "$(BUILT_PRODUCTS_DIR)/AddressBookSwiftVersion2.0.app/AddressBookSwiftVersion2.0";
			};
			name = Debug;
		};
		E9038B001FA1C69A00CBC503 /* Release */ = {
			isa = XCBuildConfiguration;
			buildSettings = {
				ALWAYS_EMBED_SWIFT_STANDARD_LIBRARIES = YES;
				BUNDLE_LOADER = "$(TEST_HOST)";
				CODE_SIGN_STYLE = Automatic;
				INFOPLIST_FILE = AddressBookSwiftVersion2.0Tests/Info.plist;
				LD_RUNPATH_SEARCH_PATHS = "$(inherited) @executable_path/Frameworks @loader_path/Frameworks";
				PRODUCT_BUNDLE_IDENTIFIER = "fr.DTAFormation.AddressBookSwiftVersion2-0Tests";
				PRODUCT_NAME = "$(TARGET_NAME)";
				SWIFT_VERSION = 4.0;
				TARGETED_DEVICE_FAMILY = "1,2";
				TEST_HOST = "$(BUILT_PRODUCTS_DIR)/AddressBookSwiftVersion2.0.app/AddressBookSwiftVersion2.0";
			};
			name = Release;
		};
		E9038B021FA1C69A00CBC503 /* Debug */ = {
			isa = XCBuildConfiguration;
			buildSettings = {
				ALWAYS_EMBED_SWIFT_STANDARD_LIBRARIES = YES;
				CODE_SIGN_STYLE = Automatic;
				INFOPLIST_FILE = AddressBookSwiftVersion2.0UITests/Info.plist;
				LD_RUNPATH_SEARCH_PATHS = "$(inherited) @executable_path/Frameworks @loader_path/Frameworks";
				PRODUCT_BUNDLE_IDENTIFIER = "fr.DTAFormation.AddressBookSwiftVersion2-0UITests";
				PRODUCT_NAME = "$(TARGET_NAME)";
				SWIFT_VERSION = 4.0;
				TARGETED_DEVICE_FAMILY = "1,2";
				TEST_TARGET_NAME = AddressBookSwiftVersion2.0;
			};
			name = Debug;
		};
		E9038B031FA1C69A00CBC503 /* Release */ = {
			isa = XCBuildConfiguration;
			buildSettings = {
				ALWAYS_EMBED_SWIFT_STANDARD_LIBRARIES = YES;
				CODE_SIGN_STYLE = Automatic;
				INFOPLIST_FILE = AddressBookSwiftVersion2.0UITests/Info.plist;
				LD_RUNPATH_SEARCH_PATHS = "$(inherited) @executable_path/Frameworks @loader_path/Frameworks";
				PRODUCT_BUNDLE_IDENTIFIER = "fr.DTAFormation.AddressBookSwiftVersion2-0UITests";
				PRODUCT_NAME = "$(TARGET_NAME)";
				SWIFT_VERSION = 4.0;
				TARGETED_DEVICE_FAMILY = "1,2";
				TEST_TARGET_NAME = AddressBookSwiftVersion2.0;
			};
			name = Release;
		};
/* End XCBuildConfiguration section */

/* Begin XCConfigurationList section */
		E9038ACB1FA1C69A00CBC503 /* Build configuration list for PBXProject "AddressBookSwiftVersion2.0" */ = {
			isa = XCConfigurationList;
			buildConfigurations = (
				E9038AF91FA1C69A00CBC503 /* Debug */,
				E9038AFA1FA1C69A00CBC503 /* Release */,
			);
			defaultConfigurationIsVisible = 0;
			defaultConfigurationName = Release;
		};
		E9038AFB1FA1C69A00CBC503 /* Build configuration list for PBXNativeTarget "AddressBookSwiftVersion2.0" */ = {
			isa = XCConfigurationList;
			buildConfigurations = (
				E9038AFC1FA1C69A00CBC503 /* Debug */,
				E9038AFD1FA1C69A00CBC503 /* Release */,
			);
			defaultConfigurationIsVisible = 0;
			defaultConfigurationName = Release;
		};
		E9038AFE1FA1C69A00CBC503 /* Build configuration list for PBXNativeTarget "AddressBookSwiftVersion2.0Tests" */ = {
			isa = XCConfigurationList;
			buildConfigurations = (
				E9038AFF1FA1C69A00CBC503 /* Debug */,
				E9038B001FA1C69A00CBC503 /* Release */,
			);
			defaultConfigurationIsVisible = 0;
			defaultConfigurationName = Release;
		};
		E9038B011FA1C69A00CBC503 /* Build configuration list for PBXNativeTarget "AddressBookSwiftVersion2.0UITests" */ = {
			isa = XCConfigurationList;
			buildConfigurations = (
				E9038B021FA1C69A00CBC503 /* Debug */,
				E9038B031FA1C69A00CBC503 /* Release */,
			);
			defaultConfigurationIsVisible = 0;
			defaultConfigurationName = Release;
		};
/* End XCConfigurationList section */

/* Begin XCVersionGroup section */
		E9038B121FA1C72F00CBC503 /* AddressBookSwift4.xcdatamodeld */ = {
			isa = XCVersionGroup;
			children = (
				E9038B131FA1C72F00CBC503 /* AddressBookSwift4.xcdatamodel */,
			);
			currentVersion = E9038B131FA1C72F00CBC503 /* AddressBookSwift4.xcdatamodel */;
			path = AddressBookSwift4.xcdatamodeld;
			sourceTree = "<group>";
			versionGroupType = wrapper.xcdatamodel;
		};
/* End XCVersionGroup section */
	};
	rootObject = E9038AC81FA1C69A00CBC503 /* Project object */;
}
